
Microsoft Visual Studio Solution File, Format Version 12.00
# Visual Studio Version 17
VisualStudioVersion = 17.5.33414.496
MinimumVisualStudioVersion = 10.0.40219.1
Project("{9A19103F-16F7-4668-BE54-9A1E7A4F7556}") = "Client", "Client\Client.csproj", "{CA501377-E0DD-4FEF-85E5-31E97196CE6D}"
EndProject
Project("{9A19103F-16F7-4668-BE54-9A1E7A4F7556}") = "Login", "Login\Login.csproj", "{E9F1CC7E-41CE-4ED3-A285-96F9A370343A}"
EndProject
Project("{9A19103F-16F7-4668-BE54-9A1E7A4F7556}") = "GameServerRegister", "GameServerRegister\GameServerRegister.csproj", "{45384FD2-CAD6-4B9D-B6BD-AD9EAA8C981F}"
EndProject
Project("{9A19103F-16F7-4668-BE54-9A1E7A4F7556}") = "SessionService", "SessionService\SessionService.csproj", "{73E7B48C-6657-4A19-8299-458E8E23CF0D}"
EndProject
Project("{9A19103F-16F7-4668-BE54-9A1E7A4F7556}") = "GameService", "GameService\GameService.csproj", "{7C283BA3-0FC5-4DDA-81D9-B6720DA607EC}"
EndProject
Project("{E53339B2-1760-4266-BCC7-CA923CBCF16C}") = "docker-compose", "docker-compose.dcproj", "{A20579F8-9261-44BC-A751-BA1E2B1C8047}"
EndProject
Global
	GlobalSection(SolutionConfigurationPlatforms) = preSolution
		Debug|Any CPU = Debug|Any CPU
		Release|Any CPU = Release|Any CPU
	EndGlobalSection
	GlobalSection(ProjectConfigurationPlatforms) = postSolution
		{CA501377-E0DD-4FEF-85E5-31E97196CE6D}.Debug|Any CPU.ActiveCfg = Debug|Any CPU
		{CA501377-E0DD-4FEF-85E5-31E97196CE6D}.Debug|Any CPU.Build.0 = Debug|Any CPU
		{CA501377-E0DD-4FEF-85E5-31E97196CE6D}.Release|Any CPU.ActiveCfg = Release|Any CPU
		{CA501377-E0DD-4FEF-85E5-31E97196CE6D}.Release|Any CPU.Build.0 = Release|Any CPU
		{E9F1CC7E-41CE-4ED3-A285-96F9A370343A}.Debug|Any CPU.ActiveCfg = Debug|Any CPU
		{E9F1CC7E-41CE-4ED3-A285-96F9A370343A}.Debug|Any CPU.Build.0 = Debug|Any CPU
		{E9F1CC7E-41CE-4ED3-A285-96F9A370343A}.Release|Any CPU.ActiveCfg = Release|Any CPU
		{E9F1CC7E-41CE-4ED3-A285-96F9A370343A}.Release|Any CPU.Build.0 = Release|Any CPU
		{45384FD2-CAD6-4B9D-B6BD-AD9EAA8C981F}.Debug|Any CPU.ActiveCfg = Debug|Any CPU
		{45384FD2-CAD6-4B9D-B6BD-AD9EAA8C981F}.Debug|Any CPU.Build.0 = Debug|Any CPU
		{45384FD2-CAD6-4B9D-B6BD-AD9EAA8C981F}.Release|Any CPU.ActiveCfg = Release|Any CPU
		{45384FD2-CAD6-4B9D-B6BD-AD9EAA8C981F}.Release|Any CPU.Build.0 = Release|Any CPU
		{73E7B48C-6657-4A19-8299-458E8E23CF0D}.Debug|Any CPU.ActiveCfg = Debug|Any CPU
		{73E7B48C-6657-4A19-8299-458E8E23CF0D}.Debug|Any CPU.Build.0 = Debug|Any CPU
		{73E7B48C-6657-4A19-8299-458E8E23CF0D}.Release|Any CPU.ActiveCfg = Release|Any CPU
		{73E7B48C-6657-4A19-8299-458E8E23CF0D}.Release|Any CPU.Build.0 = Release|Any CPU
		{7C283BA3-0FC5-4DDA-81D9-B6720DA607EC}.Debug|Any CPU.ActiveCfg = Debug|Any CPU
		{7C283BA3-0FC5-4DDA-81D9-B6720DA607EC}.Debug|Any CPU.Build.0 = Debug|Any CPU
		{7C283BA3-0FC5-4DDA-81D9-B6720DA607EC}.Release|Any CPU.ActiveCfg = Release|Any CPU
		{7C283BA3-0FC5-4DDA-81D9-B6720DA607EC}.Release|Any CPU.Build.0 = Release|Any CPU
		{A20579F8-9261-44BC-A751-BA1E2B1C8047}.Debug|Any CPU.ActiveCfg = Debug|Any CPU
		{A20579F8-9261-44BC-A751-BA1E2B1C8047}.Debug|Any CPU.Build.0 = Debug|Any CPU
		{A20579F8-9261-44BC-A751-BA1E2B1C8047}.Release|Any CPU.ActiveCfg = Release|Any CPU
		{A20579F8-9261-44BC-A751-BA1E2B1C8047}.Release|Any CPU.Build.0 = Release|Any CPU
	EndGlobalSection
	GlobalSection(SolutionProperties) = preSolution
		HideSolutionNode = FALSE
	EndGlobalSection
	GlobalSection(ExtensibilityGlobals) = postSolution
		SolutionGuid = {7BCD5FBA-F523-4094-B40A-82E8AB2C3470}
	EndGlobalSection
EndGlobal
